PODS:
  - WonderPush (4.3.1):
    - WonderPush/Core (= 4.3.1)
  - WonderPush/Core (4.3.1)
  - WonderPushExtension (4.3.1):
    - WonderPushExtension/Extension (= 4.3.1)
  - WonderPushExtension/Extension (4.3.1)

DEPENDENCIES:
  - WonderPush (from `../wonderpush-ios-sdk`)
  - WonderPushExtension (from `../wonderpush-ios-sdk`)

EXTERNAL SOURCES:
  WonderPush:
    :path: "../wonderpush-ios-sdk"
  WonderPushExtension:
    :path: "../wonderpush-ios-sdk"

SPEC CHECKSUMS:
  WonderPush: 457eb234758acec58ecd6c232d48c68e05dcb392
  WonderPushExtension: b4f1419a6dcaf16a3d2f02f27dafc8de0fcc0fd1

PODFILE CHECKSUM: 614058af1960fdeb7ddb18589a468301ce037661

COCOAPODS: 1.14.3
