PODS:
  - WonderPush (3.0.0):
    - WonderPush/Core (= 3.0.0)
  - WonderPush/Core (3.0.0)
  - WonderPushExtension (3.0.0):
    - WonderPushExtension/Extension (= 3.0.0)
  - WonderPushExtension/Extension (3.0.0)

DEPENDENCIES:
  - WonderPush (from `../wonderpush-ios-sdk`)
  - WonderPushExtension (from `../wonderpush-ios-sdk`)

EXTERNAL SOURCES:
  WonderPush:
    :path: "../wonderpush-ios-sdk"
  WonderPushExtension:
    :path: "../wonderpush-ios-sdk"

SPEC CHECKSUMS:
  WonderPush: 4f2540d108e83708b09f9826781ec09c3d6e55bb
  WonderPushExtension: 1dd20dc2476d234623cdd2aef75633a316c4bab0

PODFILE CHECKSUM: 614058af1960fdeb7ddb18589a468301ce037661

COCOAPODS: 1.6.1
