PODS:
  - WonderPush (3.3.3):
    - WonderPush/Core (= 3.3.3)
  - WonderPush/Core (3.3.3)
  - WonderPushExtension (3.3.3):
    - WonderPushExtension/Extension (= 3.3.3)
  - WonderPushExtension/Extension (3.3.3)

DEPENDENCIES:
  - WonderPush (from `../wonderpush-ios-sdk`)
  - WonderPushExtension (from `../wonderpush-ios-sdk`)

EXTERNAL SOURCES:
  WonderPush:
    :path: "../wonderpush-ios-sdk"
  WonderPushExtension:
    :path: "../wonderpush-ios-sdk"

SPEC CHECKSUMS:
  WonderPush: 92e69202362de14b5ad8548e04585e78f42098bc
  WonderPushExtension: 808b956ad055b78fda5bef56ce8803aef53992d3

PODFILE CHECKSUM: 614058af1960fdeb7ddb18589a468301ce037661

COCOAPODS: 1.9.0
