// !$*UTF8*$!
{
	archiveVersion = 1;
	classes = {
	};
	objectVersion = 46;
	objects = {

/* Begin PBXBuildFile section */
		3D0A92871EB1E63C00784273 /* AppDelegate.swift in Sources */ = {isa = PBXBuildFile; fileRef = 3D0A92861EB1E63C00784273 /* AppDelegate.swift */; };
		3D0A92891EB1E63C00784273 /* ViewController.swift in Sources */ = {isa = PBXBuildFile; fileRef = 3D0A92881EB1E63C00784273 /* ViewController.swift */; };
		3D0A928C1EB1E63C00784273 /* Main.storyboard in Resources */ = {isa = PBXBuildFile; fileRef = 3D0A928A1EB1E63C00784273 /* Main.storyboard */; };
		3D0A928E1EB1E63C00784273 /* Assets.xcassets in Resources */ = {isa = PBXBuildFile; fileRef = 3D0A928D1EB1E63C00784273 /* Assets.xcassets */; };
		3D0A92911EB1E63C00784273 /* LaunchScreen.storyboard in Resources */ = {isa = PBXBuildFile; fileRef = 3D0A928F1EB1E63C00784273 /* LaunchScreen.storyboard */; };
		3D0A92B51EB20DA400784273 /* SettingsViewController.swift in Sources */ = {isa = PBXBuildFile; fileRef = 3D0A92B41EB20DA400784273 /* SettingsViewController.swift */; };
		3D0A92BD1EB3505500784273 /* NotificationService.swift in Sources */ = {isa = PBXBuildFile; fileRef = 3D0A92BC1EB3505500784273 /* NotificationService.swift */; };
		3D0A92C11EB3505500784273 /* NotificationServiceExtension.appex in Embed App Extensions */ = {isa = PBXBuildFile; fileRef = 3D0A92BA1EB3505500784273 /* NotificationServiceExtension.appex */; settings = {ATTRIBUTES = (RemoveHeadersOnCopy, ); }; };
		8FD5F3E4BEE52673EAD09088 /* libPods-NotificationServiceExtension.a in Frameworks */ = {isa = PBXBuildFile; fileRef = EC508E56E68FA50E6650B0D7 /* libPods-NotificationServiceExtension.a */; };
		CC05080EA99C84BDD15DDD9E /* libPods-WonderPushDemo.a in Frameworks */ = {isa = PBXBuildFile; fileRef = A1AE82AED3C5ED4CBAF360DE /* libPods-WonderPushDemo.a */; };
/* End PBXBuildFile section */

/* Begin PBXContainerItemProxy section */
		3D0A92BF1EB3505500784273 /* PBXContainerItemProxy */ = {
			isa = PBXContainerItemProxy;
			containerPortal = 3D0A927B1EB1E63C00784273 /* Project object */;
			proxyType = 1;
			remoteGlobalIDString = 3D0A92B91EB3505400784273;
			remoteInfo = NotificationServiceExtension;
		};
/* End PBXContainerItemProxy section */

/* Begin PBXCopyFilesBuildPhase section */
		3D0A92A71EB1E70B00784273 /* Embed App Extensions */ = {
			isa = PBXCopyFilesBuildPhase;
			buildActionMask = 2147483647;
			dstPath = "";
			dstSubfolderSpec = 13;
			files = (
				3D0A92C11EB3505500784273 /* NotificationServiceExtension.appex in Embed App Extensions */,
			);
			name = "Embed App Extensions";
			runOnlyForDeploymentPostprocessing = 0;
		};
/* End PBXCopyFilesBuildPhase section */

/* Begin PBXFileReference section */
		3D0A92831EB1E63C00784273 /* WonderPushDemo.app */ = {isa = PBXFileReference; explicitFileType = wrapper.application; includeInIndex = 0; path = WonderPushDemo.app; sourceTree = BUILT_PRODUCTS_DIR; };
		3D0A92861EB1E63C00784273 /* AppDelegate.swift */ = {isa = PBXFileReference; lastKnownFileType = sourcecode.swift; path = AppDelegate.swift; sourceTree = "<group>"; };
		3D0A92881EB1E63C00784273 /* ViewController.swift */ = {isa = PBXFileReference; lastKnownFileType = sourcecode.swift; path = ViewController.swift; sourceTree = "<group>"; };
		3D0A928B1EB1E63C00784273 /* Base */ = {isa = PBXFileReference; lastKnownFileType = file.storyboard; name = Base; path = Base.lproj/Main.storyboard; sourceTree = "<group>"; };
		3D0A928D1EB1E63C00784273 /* Assets.xcassets */ = {isa = PBXFileReference; lastKnownFileType = folder.assetcatalog; path = Assets.xcassets; sourceTree = "<group>"; };
		3D0A92901EB1E63C00784273 /* Base */ = {isa = PBXFileReference; lastKnownFileType = file.storyboard; name = Base; path = Base.lproj/LaunchScreen.storyboard; sourceTree = "<group>"; };
		3D0A92921EB1E63C00784273 /* Info.plist */ = {isa = PBXFileReference; lastKnownFileType = text.plist.xml; path = Info.plist; sourceTree = "<group>"; };
		3D0A92A81EB1E7CB00784273 /* WonderPushDemo-Bridging-Header.h */ = {isa = PBXFileReference; lastKnownFileType = sourcecode.c.h; path = "WonderPushDemo-Bridging-Header.h"; sourceTree = "<group>"; };
		3D0A92B11EB1F51700784273 /* WonderPushDemo.entitlements */ = {isa = PBXFileReference; lastKnownFileType = text.plist.entitlements; path = WonderPushDemo.entitlements; sourceTree = "<group>"; };
		3D0A92B41EB20DA400784273 /* SettingsViewController.swift */ = {isa = PBXFileReference; fileEncoding = 4; lastKnownFileType = sourcecode.swift; path = SettingsViewController.swift; sourceTree = "<group>"; };
		3D0A92BA1EB3505500784273 /* NotificationServiceExtension.appex */ = {isa = PBXFileReference; explicitFileType = "wrapper.app-extension"; includeInIndex = 0; path = NotificationServiceExtension.appex; sourceTree = BUILT_PRODUCTS_DIR; };
		3D0A92BC1EB3505500784273 /* NotificationService.swift */ = {isa = PBXFileReference; lastKnownFileType = sourcecode.swift; path = NotificationService.swift; sourceTree = "<group>"; };
		3D0A92BE1EB3505500784273 /* Info.plist */ = {isa = PBXFileReference; lastKnownFileType = text.plist.xml; path = Info.plist; sourceTree = "<group>"; };
		3D0A92C51EB3507100784273 /* NotificationServiceExtension-Bridging-Header.h */ = {isa = PBXFileReference; lastKnownFileType = sourcecode.c.h; path = "NotificationServiceExtension-Bridging-Header.h"; sourceTree = "<group>"; };
		47F68F2FF93EC15A7035087F /* Pods-NotificationServiceExtension.release.xcconfig */ = {isa = PBXFileReference; includeInIndex = 1; lastKnownFileType = text.xcconfig; name = "Pods-NotificationServiceExtension.release.xcconfig"; path = "Pods/Target Support Files/Pods-NotificationServiceExtension/Pods-NotificationServiceExtension.release.xcconfig"; sourceTree = "<group>"; };
		89FF29147136068FD106B136 /* Pods-WonderPushDemo.debug.xcconfig */ = {isa = PBXFileReference; includeInIndex = 1; lastKnownFileType = text.xcconfig; name = "Pods-WonderPushDemo.debug.xcconfig"; path = "Pods/Target Support Files/Pods-WonderPushDemo/Pods-WonderPushDemo.debug.xcconfig"; sourceTree = "<group>"; };
		A1AE82AED3C5ED4CBAF360DE /* libPods-WonderPushDemo.a */ = {isa = PBXFileReference; explicitFileType = archive.ar; includeInIndex = 0; path = "libPods-WonderPushDemo.a"; sourceTree = BUILT_PRODUCTS_DIR; };
		A227AF82605654C009FF8336 /* Pods-NotificationServiceExtension.debug.xcconfig */ = {isa = PBXFileReference; includeInIndex = 1; lastKnownFileType = text.xcconfig; name = "Pods-NotificationServiceExtension.debug.xcconfig"; path = "Pods/Target Support Files/Pods-NotificationServiceExtension/Pods-NotificationServiceExtension.debug.xcconfig"; sourceTree = "<group>"; };
		EC508E56E68FA50E6650B0D7 /* libPods-NotificationServiceExtension.a */ = {isa = PBXFileReference; explicitFileType = archive.ar; includeInIndex = 0; path = "libPods-NotificationServiceExtension.a"; sourceTree = BUILT_PRODUCTS_DIR; };
		FE3BE43F5E3CE8A61DCBC9F3 /* Pods-WonderPushDemo.release.xcconfig */ = {isa = PBXFileReference; includeInIndex = 1; lastKnownFileType = text.xcconfig; name = "Pods-WonderPushDemo.release.xcconfig"; path = "Pods/Target Support Files/Pods-WonderPushDemo/Pods-WonderPushDemo.release.xcconfig"; sourceTree = "<group>"; };
/* End PBXFileReference section */

/* Begin PBXFrameworksBuildPhase section */
		3D0A92801EB1E63C00784273 /* Frameworks */ = {
			isa = PBXFrameworksBuildPhase;
			buildActionMask = 2147483647;
			files = (
				CC05080EA99C84BDD15DDD9E /* libPods-WonderPushDemo.a in Frameworks */,
			);
			runOnlyForDeploymentPostprocessing = 0;
		};
		3D0A92B71EB3505400784273 /* Frameworks */ = {
			isa = PBXFrameworksBuildPhase;
			buildActionMask = 2147483647;
			files = (
				8FD5F3E4BEE52673EAD09088 /* libPods-NotificationServiceExtension.a in Frameworks */,
			);
			runOnlyForDeploymentPostprocessing = 0;
		};
/* End PBXFrameworksBuildPhase section */

/* Begin PBXGroup section */
		3D0A927A1EB1E63C00784273 = {
			isa = PBXGroup;
			children = (
				3D0A92851EB1E63C00784273 /* WonderPushDemo */,
				3D0A92BB1EB3505500784273 /* NotificationServiceExtension */,
				3D0A92841EB1E63C00784273 /* Products */,
				745694FAF70D2B7E0D7988FE /* Pods */,
				F39314F48CD233907F3DD2EF /* Frameworks */,
			);
			sourceTree = "<group>";
		};
		3D0A92841EB1E63C00784273 /* Products */ = {
			isa = PBXGroup;
			children = (
				3D0A92831EB1E63C00784273 /* WonderPushDemo.app */,
				3D0A92BA1EB3505500784273 /* NotificationServiceExtension.appex */,
			);
			name = Products;
			sourceTree = "<group>";
		};
		3D0A92851EB1E63C00784273 /* WonderPushDemo */ = {
			isa = PBXGroup;
			children = (
				3D0A92B11EB1F51700784273 /* WonderPushDemo.entitlements */,
				3D0A92861EB1E63C00784273 /* AppDelegate.swift */,
				3D0A92881EB1E63C00784273 /* ViewController.swift */,
				3D0A928A1EB1E63C00784273 /* Main.storyboard */,
				3D0A928D1EB1E63C00784273 /* Assets.xcassets */,
				3D0A928F1EB1E63C00784273 /* LaunchScreen.storyboard */,
				3D0A92921EB1E63C00784273 /* Info.plist */,
				3D0A92A81EB1E7CB00784273 /* WonderPushDemo-Bridging-Header.h */,
				3D0A92B41EB20DA400784273 /* SettingsViewController.swift */,
			);
			path = WonderPushDemo;
			sourceTree = "<group>";
		};
		3D0A92BB1EB3505500784273 /* NotificationServiceExtension */ = {
			isa = PBXGroup;
			children = (
				3D0A92BC1EB3505500784273 /* NotificationService.swift */,
				3D0A92BE1EB3505500784273 /* Info.plist */,
				3D0A92C51EB3507100784273 /* NotificationServiceExtension-Bridging-Header.h */,
			);
			path = NotificationServiceExtension;
			sourceTree = "<group>";
		};
		745694FAF70D2B7E0D7988FE /* Pods */ = {
			isa = PBXGroup;
			children = (
				A227AF82605654C009FF8336 /* Pods-NotificationServiceExtension.debug.xcconfig */,
				47F68F2FF93EC15A7035087F /* Pods-NotificationServiceExtension.release.xcconfig */,
				89FF29147136068FD106B136 /* Pods-WonderPushDemo.debug.xcconfig */,
				FE3BE43F5E3CE8A61DCBC9F3 /* Pods-WonderPushDemo.release.xcconfig */,
			);
			name = Pods;
			sourceTree = "<group>";
		};
		F39314F48CD233907F3DD2EF /* Frameworks */ = {
			isa = PBXGroup;
			children = (
				EC508E56E68FA50E6650B0D7 /* libPods-NotificationServiceExtension.a */,
				A1AE82AED3C5ED4CBAF360DE /* libPods-WonderPushDemo.a */,
			);
			name = Frameworks;
			sourceTree = "<group>";
		};
/* End PBXGroup section */

/* Begin PBXNativeTarget section */
		3D0A92821EB1E63C00784273 /* WonderPushDemo */ = {
			isa = PBXNativeTarget;
			buildConfigurationList = 3D0A92951EB1E63C00784273 /* Build configuration list for PBXNativeTarget "WonderPushDemo" */;
			buildPhases = (
				5C180B0C4CD68FED5518AC4A /* [CP] Check Pods Manifest.lock */,
				3D0A927F1EB1E63C00784273 /* Sources */,
				3D0A92801EB1E63C00784273 /* Frameworks */,
				3D0A92811EB1E63C00784273 /* Resources */,
				3D0A92A71EB1E70B00784273 /* Embed App Extensions */,
				4EF177BFDB6ACA4C02382151 /* [CP] Embed Pods Frameworks */,
				D4350829AB7DF75CDB619E91 /* [CP] Copy Pods Resources */,
			);
			buildRules = (
			);
			dependencies = (
				3D0A92C01EB3505500784273 /* PBXTargetDependency */,
			);
			name = WonderPushDemo;
			productName = WonderPushDemo;
			productReference = 3D0A92831EB1E63C00784273 /* WonderPushDemo.app */;
			productType = "com.apple.product-type.application";
		};
		3D0A92B91EB3505400784273 /* NotificationServiceExtension */ = {
			isa = PBXNativeTarget;
			buildConfigurationList = 3D0A92C21EB3505500784273 /* Build configuration list for PBXNativeTarget "NotificationServiceExtension" */;
			buildPhases = (
				35D6572C51B4FEE0493C8A87 /* [CP] Check Pods Manifest.lock */,
				3D0A92B61EB3505400784273 /* Sources */,
				3D0A92B71EB3505400784273 /* Frameworks */,
				3D0A92B81EB3505400784273 /* Resources */,
				3E4DDBEBBCF696A69C17839C /* [CP] Copy Pods Resources */,
			);
			buildRules = (
			);
			dependencies = (
			);
			name = NotificationServiceExtension;
			productName = NotificationServiceExtension;
			productReference = 3D0A92BA1EB3505500784273 /* NotificationServiceExtension.appex */;
			productType = "com.apple.product-type.app-extension";
		};
/* End PBXNativeTarget section */

/* Begin PBXProject section */
		3D0A927B1EB1E63C00784273 /* Project object */ = {
			isa = PBXProject;
			attributes = {
				LastSwiftUpdateCheck = 0820;
				LastUpgradeCheck = 0820;
				ORGANIZATIONNAME = WonderPush;
				TargetAttributes = {
					3D0A92821EB1E63C00784273 = {
						CreatedOnToolsVersion = 8.2.1;
						DevelopmentTeam = N9ZG2P9A72;
						LastSwiftMigration = 0820;
						ProvisioningStyle = Automatic;
						SystemCapabilities = {
							com.apple.BackgroundModes = {
								enabled = 1;
							};
							com.apple.Push = {
								enabled = 1;
							};
						};
					};
					3D0A92B91EB3505400784273 = {
						CreatedOnToolsVersion = 8.2.1;
						DevelopmentTeam = N9ZG2P9A72;
						LastSwiftMigration = 0820;
						ProvisioningStyle = Automatic;
					};
				};
			};
			buildConfigurationList = 3D0A927E1EB1E63C00784273 /* Build configuration list for PBXProject "WonderPushDemo" */;
			compatibilityVersion = "Xcode 3.2";
			developmentRegion = English;
			hasScannedForEncodings = 0;
			knownRegions = (
				en,
				Base,
			);
			mainGroup = 3D0A927A1EB1E63C00784273;
			productRefGroup = 3D0A92841EB1E63C00784273 /* Products */;
			projectDirPath = "";
			projectRoot = "";
			targets = (
				3D0A92821EB1E63C00784273 /* WonderPushDemo */,
				3D0A92B91EB3505400784273 /* NotificationServiceExtension */,
			);
		};
/* End PBXProject section */

/* Begin PBXResourcesBuildPhase section */
		3D0A92811EB1E63C00784273 /* Resources */ = {
			isa = PBXResourcesBuildPhase;
			buildActionMask = 2147483647;
			files = (
				3D0A92911EB1E63C00784273 /* LaunchScreen.storyboard in Resources */,
				3D0A928E1EB1E63C00784273 /* Assets.xcassets in Resources */,
				3D0A928C1EB1E63C00784273 /* Main.storyboard in Resources */,
			);
			runOnlyForDeploymentPostprocessing = 0;
		};
		3D0A92B81EB3505400784273 /* Resources */ = {
			isa = PBXResourcesBuildPhase;
			buildActionMask = 2147483647;
			files = (
			);
			runOnlyForDeploymentPostprocessing = 0;
		};
/* End PBXResourcesBuildPhase section */

/* Begin PBXShellScriptBuildPhase section */
		35D6572C51B4FEE0493C8A87 /* [CP] Check Pods Manifest.lock */ = {
			isa = PBXShellScriptBuildPhase;
			buildActionMask = 2147483647;
			files = (
			);
			inputPaths = (
			);
			name = "[CP] Check Pods Manifest.lock";
			outputPaths = (
			);
			runOnlyForDeploymentPostprocessing = 0;
			shellPath = /bin/sh;
			shellScript = "diff \"${PODS_PODFILE_DIR_PATH}/Podfile.lock\" \"${PODS_ROOT}/Manifest.lock\" > /dev/null\nif [ $? != 0 ] ; then\n    # print error to STDERR\n    echo \"error: The sandbox is not in sync with the Podfile.lock. Run 'pod install' or update your CocoaPods installation.\" >&2\n    exit 1\nfi\n";
			showEnvVarsInLog = 0;
		};
		3E4DDBEBBCF696A69C17839C /* [CP] Copy Pods Resources */ = {
			isa = PBXShellScriptBuildPhase;
			buildActionMask = 2147483647;
			files = (
			);
			inputPaths = (
			);
			name = "[CP] Copy Pods Resources";
			outputPaths = (
			);
			runOnlyForDeploymentPostprocessing = 0;
			shellPath = /bin/sh;
			shellScript = "\"${SRCROOT}/Pods/Target Support Files/Pods-NotificationServiceExtension/Pods-NotificationServiceExtension-resources.sh\"\n";
			showEnvVarsInLog = 0;
		};
		4EF177BFDB6ACA4C02382151 /* [CP] Embed Pods Frameworks */ = {
			isa = PBXShellScriptBuildPhase;
			buildActionMask = 2147483647;
			files = (
			);
			inputPaths = (
			);
			name = "[CP] Embed Pods Frameworks";
			outputPaths = (
			);
			runOnlyForDeploymentPostprocessing = 0;
			shellPath = /bin/sh;
			shellScript = "\"${SRCROOT}/Pods/Target Support Files/Pods-WonderPushDemo/Pods-WonderPushDemo-frameworks.sh\"\n";
			showEnvVarsInLog = 0;
		};
		5C180B0C4CD68FED5518AC4A /* [CP] Check Pods Manifest.lock */ = {
			isa = PBXShellScriptBuildPhase;
			buildActionMask = 2147483647;
			files = (
			);
			inputPaths = (
			);
			name = "[CP] Check Pods Manifest.lock";
			outputPaths = (
			);
			runOnlyForDeploymentPostprocessing = 0;
			shellPath = /bin/sh;
			shellScript = "diff \"${PODS_PODFILE_DIR_PATH}/Podfile.lock\" \"${PODS_ROOT}/Manifest.lock\" > /dev/null\nif [ $? != 0 ] ; then\n    # print error to STDERR\n    echo \"error: The sandbox is not in sync with the Podfile.lock. Run 'pod install' or update your CocoaPods installation.\" >&2\n    exit 1\nfi\n";
			showEnvVarsInLog = 0;
		};
		D4350829AB7DF75CDB619E91 /* [CP] Copy Pods Resources */ = {
			isa = PBXShellScriptBuildPhase;
			buildActionMask = 2147483647;
			files = (
			);
			inputPaths = (
			);
			name = "[CP] Copy Pods Resources";
			outputPaths = (
			);
			runOnlyForDeploymentPostprocessing = 0;
			shellPath = /bin/sh;
			shellScript = "\"${SRCROOT}/Pods/Target Support Files/Pods-WonderPushDemo/Pods-WonderPushDemo-resources.sh\"\n";
			showEnvVarsInLog = 0;
		};
/* End PBXShellScriptBuildPhase section */

/* Begin PBXSourcesBuildPhase section */
		3D0A927F1EB1E63C00784273 /* Sources */ = {
			isa = PBXSourcesBuildPhase;
			buildActionMask = 2147483647;
			files = (
				3D0A92891EB1E63C00784273 /* ViewController.swift in Sources */,
				3D0A92871EB1E63C00784273 /* AppDelegate.swift in Sources */,
				3D0A92B51EB20DA400784273 /* SettingsViewController.swift in Sources */,
			);
			runOnlyForDeploymentPostprocessing = 0;
		};
		3D0A92B61EB3505400784273 /* Sources */ = {
			isa = PBXSourcesBuildPhase;
			buildActionMask = 2147483647;
			files = (
				3D0A92BD1EB3505500784273 /* NotificationService.swift in Sources */,
			);
			runOnlyForDeploymentPostprocessing = 0;
		};
/* End PBXSourcesBuildPhase section */

/* Begin PBXTargetDependency section */
		3D0A92C01EB3505500784273 /* PBXTargetDependency */ = {
			isa = PBXTargetDependency;
			target = 3D0A92B91EB3505400784273 /* NotificationServiceExtension */;
			targetProxy = 3D0A92BF1EB3505500784273 /* PBXContainerItemProxy */;
		};
/* End PBXTargetDependency section */

/* Begin PBXVariantGroup section */
		3D0A928A1EB1E63C00784273 /* Main.storyboard */ = {
			isa = PBXVariantGroup;
			children = (
				3D0A928B1EB1E63C00784273 /* Base */,
			);
			name = Main.storyboard;
			sourceTree = "<group>";
		};
		3D0A928F1EB1E63C00784273 /* LaunchScreen.storyboard */ = {
			isa = PBXVariantGroup;
			children = (
				3D0A92901EB1E63C00784273 /* Base */,
			);
			name = LaunchScreen.storyboard;
			sourceTree = "<group>";
		};
/* End PBXVariantGroup section */

/* Begin XCBuildConfiguration section */
		3D0A92931EB1E63C00784273 /* Debug */ = {
			isa = XCBuildConfiguration;
			buildSettings = {
				ALWAYS_SEARCH_USER_PATHS = NO;
				CLANG_ANALYZER_NONNULL = YES;
				CLANG_CXX_LANGUAGE_STANDARD = "gnu++0x";
				CLANG_CXX_LIBRARY = "libc++";
				CLANG_ENABLE_MODULES = YES;
				CLANG_ENABLE_OBJC_ARC = YES;
				CLANG_WARN_BOOL_CONVERSION = YES;
				CLANG_WARN_CONSTANT_CONVERSION = YES;
				CLANG_WARN_DIRECT_OBJC_ISA_USAGE = YES_ERROR;
				CLANG_WARN_DOCUMENTATION_COMMENTS = YES;
				CLANG_WARN_EMPTY_BODY = YES;
				CLANG_WARN_ENUM_CONVERSION = YES;
				CLANG_WARN_INFINITE_RECURSION = YES;
				CLANG_WARN_INT_CONVERSION = YES;
				CLANG_WARN_OBJC_ROOT_CLASS = YES_ERROR;
				CLANG_WARN_SUSPICIOUS_MOVE = YES;
				CLANG_WARN_UNREACHABLE_CODE = YES;
				CLANG_WARN__DUPLICATE_METHOD_MATCH = YES;
				"CODE_SIGN_IDENTITY[sdk=iphoneos*]" = "iPhone Developer";
				COPY_PHASE_STRIP = NO;
				DEBUG_INFORMATION_FORMAT = dwarf;
				ENABLE_STRICT_OBJC_MSGSEND = YES;
				ENABLE_TESTABILITY = YES;
				GCC_C_LANGUAGE_STANDARD = gnu99;
				GCC_DYNAMIC_NO_PIC = NO;
				GCC_NO_COMMON_BLOCKS = YES;
				GCC_OPTIMIZATION_LEVEL = 0;
				GCC_PREPROCESSOR_DEFINITIONS = (
					"DEBUG=1",
					"$(inherited)",
				);
				GCC_WARN_64_TO_32_BIT_CONVERSION = YES;
				GCC_WARN_ABOUT_RETURN_TYPE = YES_ERROR;
				GCC_WARN_UNDECLARED_SELECTOR = YES;
				GCC_WARN_UNINITIALIZED_AUTOS = YES_AGGRESSIVE;
				GCC_WARN_UNUSED_FUNCTION = YES;
				GCC_WARN_UNUSED_VARIABLE = YES;
				IPHONEOS_DEPLOYMENT_TARGET = 10.2;
				MTL_ENABLE_DEBUG_INFO = YES;
				ONLY_ACTIVE_ARCH = YES;
				SDKROOT = iphoneos;
				SWIFT_ACTIVE_COMPILATION_CONDITIONS = DEBUG;
				SWIFT_OPTIMIZATION_LEVEL = "-Onone";
				TARGETED_DEVICE_FAMILY = "1,2";
			};
			name = Debug;
		};
		3D0A92941EB1E63C00784273 /* Release */ = {
			isa = XCBuildConfiguration;
			buildSettings = {
				ALWAYS_SEARCH_USER_PATHS = NO;
				CLANG_ANALYZER_NONNULL = YES;
				CLANG_CXX_LANGUAGE_STANDARD = "gnu++0x";
				CLANG_CXX_LIBRARY = "libc++";
				CLANG_ENABLE_MODULES = YES;
				CLANG_ENABLE_OBJC_ARC = YES;
				CLANG_WARN_BOOL_CONVERSION = YES;
				CLANG_WARN_CONSTANT_CONVERSION = YES;
				CLANG_WARN_DIRECT_OBJC_ISA_USAGE = YES_ERROR;
				CLANG_WARN_DOCUMENTATION_COMMENTS = YES;
				CLANG_WARN_EMPTY_BODY = YES;
				CLANG_WARN_ENUM_CONVERSION = YES;
				CLANG_WARN_INFINITE_RECURSION = YES;
				CLANG_WARN_INT_CONVERSION = YES;
				CLANG_WARN_OBJC_ROOT_CLASS = YES_ERROR;
				CLANG_WARN_SUSPICIOUS_MOVE = YES;
				CLANG_WARN_UNREACHABLE_CODE = YES;
				CLANG_WARN__DUPLICATE_METHOD_MATCH = YES;
				"CODE_SIGN_IDENTITY[sdk=iphoneos*]" = "iPhone Developer";
				COPY_PHASE_STRIP = NO;
				DEBUG_INFORMATION_FORMAT = "dwarf-with-dsym";
				ENABLE_NS_ASSERTIONS = NO;
				ENABLE_STRICT_OBJC_MSGSEND = YES;
				GCC_C_LANGUAGE_STANDARD = gnu99;
				GCC_NO_COMMON_BLOCKS = YES;
				GCC_WARN_64_TO_32_BIT_CONVERSION = YES;
				GCC_WARN_ABOUT_RETURN_TYPE = YES_ERROR;
				GCC_WARN_UNDECLARED_SELECTOR = YES;
				GCC_WARN_UNINITIALIZED_AUTOS = YES_AGGRESSIVE;
				GCC_WARN_UNUSED_FUNCTION = YES;
				GCC_WARN_UNUSED_VARIABLE = YES;
				IPHONEOS_DEPLOYMENT_TARGET = 10.2;
				MTL_ENABLE_DEBUG_INFO = NO;
				SDKROOT = iphoneos;
				SWIFT_OPTIMIZATION_LEVEL = "-Owholemodule";
				TARGETED_DEVICE_FAMILY = "1,2";
				VALIDATE_PRODUCT = YES;
			};
			name = Release;
		};
		3D0A92961EB1E63C00784273 /* Debug */ = {
			isa = XCBuildConfiguration;
			baseConfigurationReference = 89FF29147136068FD106B136 /* Pods-WonderPushDemo.debug.xcconfig */;
			buildSettings = {
				ALWAYS_EMBED_SWIFT_STANDARD_LIBRARIES = YES;
				ASSETCATALOG_COMPILER_APPICON_NAME = AppIcon;
				ASSETCATALOG_COMPILER_LAUNCHIMAGE_NAME = LaunchImage;
				CLANG_ENABLE_MODULES = YES;
				CODE_SIGN_ENTITLEMENTS = WonderPushDemo/WonderPushDemo.entitlements;
				DEVELOPMENT_TEAM = N9ZG2P9A72;
				INFOPLIST_FILE = WonderPushDemo/Info.plist;
				IPHONEOS_DEPLOYMENT_TARGET = 8.0;
				LD_RUNPATH_SEARCH_PATHS = "$(inherited) @executable_path/Frameworks";
				PRODUCT_BUNDLE_IDENTIFIER = com.wonderpush.demo;
				PRODUCT_NAME = "$(TARGET_NAME)";
				SWIFT_OBJC_BRIDGING_HEADER = "WonderPushDemo/WonderPushDemo-Bridging-Header.h";
				SWIFT_OPTIMIZATION_LEVEL = "-Onone";
				SWIFT_VERSION = 3.0;
			};
			name = Debug;
		};
		3D0A92971EB1E63C00784273 /* Release */ = {
			isa = XCBuildConfiguration;
			baseConfigurationReference = FE3BE43F5E3CE8A61DCBC9F3 /* Pods-WonderPushDemo.release.xcconfig */;
			buildSettings = {
				ALWAYS_EMBED_SWIFT_STANDARD_LIBRARIES = YES;
				ASSETCATALOG_COMPILER_APPICON_NAME = AppIcon;
				ASSETCATALOG_COMPILER_LAUNCHIMAGE_NAME = LaunchImage;
				CLANG_ENABLE_MODULES = YES;
				CODE_SIGN_ENTITLEMENTS = WonderPushDemo/WonderPushDemo.entitlements;
				DEVELOPMENT_TEAM = N9ZG2P9A72;
				INFOPLIST_FILE = WonderPushDemo/Info.plist;
				IPHONEOS_DEPLOYMENT_TARGET = 8.0;
				LD_RUNPATH_SEARCH_PATHS = "$(inherited) @executable_path/Frameworks";
				PRODUCT_BUNDLE_IDENTIFIER = com.wonderpush.demo;
				PRODUCT_NAME = "$(TARGET_NAME)";
				SWIFT_OBJC_BRIDGING_HEADER = "WonderPushDemo/WonderPushDemo-Bridging-Header.h";
				SWIFT_VERSION = 3.0;
			};
			name = Release;
		};
		3D0A92C31EB3505500784273 /* Debug */ = {
			isa = XCBuildConfiguration;
			baseConfigurationReference = A227AF82605654C009FF8336 /* Pods-NotificationServiceExtension.debug.xcconfig */;
			buildSettings = {
				CLANG_ENABLE_MODULES = YES;
				DEVELOPMENT_TEAM = N9ZG2P9A72;
				INFOPLIST_FILE = NotificationServiceExtension/Info.plist;
				LD_RUNPATH_SEARCH_PATHS = "$(inherited) @executable_path/Frameworks @executable_path/../../Frameworks";
				PRODUCT_BUNDLE_IDENTIFIER = com.wonderpush.demo.NotificationServiceExtension;
				PRODUCT_NAME = "$(TARGET_NAME)";
				SKIP_INSTALL = YES;
				SWIFT_OBJC_BRIDGING_HEADER = "NotificationServiceExtension/NotificationServiceExtension-Bridging-Header.h";
				SWIFT_OPTIMIZATION_LEVEL = "-Onone";
				SWIFT_VERSION = 3.0;
			};
			name = Debug;
		};
		3D0A92C41EB3505500784273 /* Release */ = {
			isa = XCBuildConfiguration;
			baseConfigurationReference = 47F68F2FF93EC15A7035087F /* Pods-NotificationServiceExtension.release.xcconfig */;
			buildSettings = {
				CLANG_ENABLE_MODULES = YES;
				DEVELOPMENT_TEAM = N9ZG2P9A72;
				INFOPLIST_FILE = NotificationServiceExtension/Info.plist;
				LD_RUNPATH_SEARCH_PATHS = "$(inherited) @executable_path/Frameworks @executable_path/../../Frameworks";
				PRODUCT_BUNDLE_IDENTIFIER = com.wonderpush.demo.NotificationServiceExtension;
				PRODUCT_NAME = "$(TARGET_NAME)";
				SKIP_INSTALL = YES;
				SWIFT_OBJC_BRIDGING_HEADER = "NotificationServiceExtension/NotificationServiceExtension-Bridging-Header.h";
				SWIFT_VERSION = 3.0;
			};
			name = Release;
		};
/* End XCBuildConfiguration section */

/* Begin XCConfigurationList section */
		3D0A927E1EB1E63C00784273 /* Build configuration list for PBXProject "WonderPushDemo" */ = {
			isa = XCConfigurationList;
			buildConfigurations = (
				3D0A92931EB1E63C00784273 /* Debug */,
				3D0A92941EB1E63C00784273 /* Release */,
			);
			defaultConfigurationIsVisible = 0;
			defaultConfigurationName = Release;
		};
		3D0A92951EB1E63C00784273 /* Build configuration list for PBXNativeTarget "WonderPushDemo" */ = {
			isa = XCConfigurationList;
			buildConfigurations = (
				3D0A92961EB1E63C00784273 /* Debug */,
				3D0A92971EB1E63C00784273 /* Release */,
			);
			defaultConfigurationIsVisible = 0;
			defaultConfigurationName = Release;
		};
		3D0A92C21EB3505500784273 /* Build configuration list for PBXNativeTarget "NotificationServiceExtension" */ = {
			isa = XCConfigurationList;
			buildConfigurations = (
				3D0A92C31EB3505500784273 /* Debug */,
				3D0A92C41EB3505500784273 /* Release */,
			);
			defaultConfigurationIsVisible = 0;
		};
/* End XCConfigurationList section */
	};
	rootObject = 3D0A927B1EB1E63C00784273 /* Project object */;
}
