// !$*UTF8*$!
{
	archiveVersion = 1;
	classes = {
	};
	objectVersion = 46;
	objects = {

/* Begin PBXBuildFile section */
		3D0A086C1D340001001289BD /* Localizable.strings in Resources */ = {isa = PBXBuildFile; fileRef = 3D0A086E1D340001001289BD /* Localizable.strings */; };
		3DBC92C41B5FC2BC00E07FB8 /* SettingsViewController.m in Sources */ = {isa = PBXBuildFile; fileRef = 3DBC92C31B5FC2BC00E07FB8 /* SettingsViewController.m */; };
		A1B850A019DC05FE00D1B6FB /* main.m in Sources */ = {isa = PBXBuildFile; fileRef = A1B8509F19DC05FE00D1B6FB /* main.m */; };
		A1B850A319DC05FE00D1B6FB /* AppDelegate.m in Sources */ = {isa = PBXBuildFile; fileRef = A1B850A219DC05FE00D1B6FB /* AppDelegate.m */; };
		A1B850A619DC05FE00D1B6FB /* ViewController.m in Sources */ = {isa = PBXBuildFile; fileRef = A1B850A519DC05FE00D1B6FB /* ViewController.m */; };
		A1B850A919DC05FE00D1B6FB /* Main.storyboard in Resources */ = {isa = PBXBuildFile; fileRef = A1B850A719DC05FE00D1B6FB /* Main.storyboard */; };
		A1B850AB19DC05FF00D1B6FB /* Images.xcassets in Resources */ = {isa = PBXBuildFile; fileRef = A1B850AA19DC05FF00D1B6FB /* Images.xcassets */; };
		A1B850AE19DC05FF00D1B6FB /* LaunchScreen.xib in Resources */ = {isa = PBXBuildFile; fileRef = A1B850AC19DC05FF00D1B6FB /* LaunchScreen.xib */; };
		CD8D6962CBA41616397AB62C /* libPods-WonderPushDemo.a in Frameworks */ = {isa = PBXBuildFile; fileRef = DA8090340908F8BF1AB9AB0E /* libPods-WonderPushDemo.a */; };
/* End PBXBuildFile section */

/* Begin PBXFileReference section */
		3D0A08691D33FB5E001289BD /* de */ = {isa = PBXFileReference; lastKnownFileType = text.plist.strings; name = de; path = de.lproj/Main.strings; sourceTree = "<group>"; };
		3D0A086D1D340001001289BD /* Base */ = {isa = PBXFileReference; lastKnownFileType = text.plist.strings; name = Base; path = Base.lproj/Localizable.strings; sourceTree = "<group>"; };
		3D0A086F1D340003001289BD /* fr */ = {isa = PBXFileReference; lastKnownFileType = text.plist.strings; name = fr; path = fr.lproj/Localizable.strings; sourceTree = "<group>"; };
		3D0A08701D340004001289BD /* de */ = {isa = PBXFileReference; lastKnownFileType = text.plist.strings; name = de; path = de.lproj/Localizable.strings; sourceTree = "<group>"; };
		3D7879D51D32BC05007C1675 /* fr */ = {isa = PBXFileReference; lastKnownFileType = text.plist.strings; name = fr; path = fr.lproj/Main.strings; sourceTree = "<group>"; };
		3DBC92C21B5FC2BC00E07FB8 /* SettingsViewController.h */ = {isa = PBXFileReference; fileEncoding = 4; lastKnownFileType = sourcecode.c.h; path = SettingsViewController.h; sourceTree = "<group>"; };
		3DBC92C31B5FC2BC00E07FB8 /* SettingsViewController.m */ = {isa = PBXFileReference; fileEncoding = 4; lastKnownFileType = sourcecode.c.objc; path = SettingsViewController.m; sourceTree = "<group>"; };
		83D44299CE17F8B4D7BE8740 /* Pods-WonderPushDemo.release.xcconfig */ = {isa = PBXFileReference; includeInIndex = 1; lastKnownFileType = text.xcconfig; name = "Pods-WonderPushDemo.release.xcconfig"; path = "Pods/Target Support Files/Pods-WonderPushDemo/Pods-WonderPushDemo.release.xcconfig"; sourceTree = "<group>"; };
		A1272C6B1A0BC017005A11C1 /* WonderPush.framework */ = {isa = PBXFileReference; lastKnownFileType = wrapper.framework; path = WonderPush.framework; sourceTree = "<group>"; };
		A1B8509A19DC05FE00D1B6FB /* WonderPushDemo.app */ = {isa = PBXFileReference; explicitFileType = wrapper.application; includeInIndex = 0; path = WonderPushDemo.app; sourceTree = BUILT_PRODUCTS_DIR; };
		A1B8509E19DC05FE00D1B6FB /* Info.plist */ = {isa = PBXFileReference; lastKnownFileType = text.plist.xml; path = Info.plist; sourceTree = "<group>"; };
		A1B8509F19DC05FE00D1B6FB /* main.m */ = {isa = PBXFileReference; lastKnownFileType = sourcecode.c.objc; path = main.m; sourceTree = "<group>"; };
		A1B850A119DC05FE00D1B6FB /* AppDelegate.h */ = {isa = PBXFileReference; lastKnownFileType = sourcecode.c.h; path = AppDelegate.h; sourceTree = "<group>"; };
		A1B850A219DC05FE00D1B6FB /* AppDelegate.m */ = {isa = PBXFileReference; lastKnownFileType = sourcecode.c.objc; path = AppDelegate.m; sourceTree = "<group>"; };
		A1B850A419DC05FE00D1B6FB /* ViewController.h */ = {isa = PBXFileReference; lastKnownFileType = sourcecode.c.h; path = ViewController.h; sourceTree = "<group>"; };
		A1B850A519DC05FE00D1B6FB /* ViewController.m */ = {isa = PBXFileReference; lastKnownFileType = sourcecode.c.objc; path = ViewController.m; sourceTree = "<group>"; };
		A1B850A819DC05FE00D1B6FB /* Base */ = {isa = PBXFileReference; lastKnownFileType = file.storyboard; name = Base; path = Base.lproj/Main.storyboard; sourceTree = "<group>"; };
		A1B850AA19DC05FF00D1B6FB /* Images.xcassets */ = {isa = PBXFileReference; lastKnownFileType = folder.assetcatalog; path = Images.xcassets; sourceTree = "<group>"; };
		A1B850AD19DC05FF00D1B6FB /* Base */ = {isa = PBXFileReference; lastKnownFileType = file.xib; name = Base; path = Base.lproj/LaunchScreen.xib; sourceTree = "<group>"; };
		A1E3E0F919E5900B00A4EE09 /* SystemConfiguration.framework */ = {isa = PBXFileReference; lastKnownFileType = wrapper.framework; name = SystemConfiguration.framework; path = System/Library/Frameworks/SystemConfiguration.framework; sourceTree = SDKROOT; };
		A1E3E0FB19E5901300A4EE09 /* MobileCoreServices.framework */ = {isa = PBXFileReference; lastKnownFileType = wrapper.framework; name = MobileCoreServices.framework; path = System/Library/Frameworks/MobileCoreServices.framework; sourceTree = SDKROOT; };
		A1E3E0FD19E5901900A4EE09 /* CoreGraphics.framework */ = {isa = PBXFileReference; lastKnownFileType = wrapper.framework; name = CoreGraphics.framework; path = System/Library/Frameworks/CoreGraphics.framework; sourceTree = SDKROOT; };
		A1E3E0FF19E5901F00A4EE09 /* UIKit.framework */ = {isa = PBXFileReference; lastKnownFileType = wrapper.framework; name = UIKit.framework; path = System/Library/Frameworks/UIKit.framework; sourceTree = SDKROOT; };
		A1E3E10119E5902700A4EE09 /* CoreTelephony.framework */ = {isa = PBXFileReference; lastKnownFileType = wrapper.framework; name = CoreTelephony.framework; path = System/Library/Frameworks/CoreTelephony.framework; sourceTree = SDKROOT; };
		A1E3E10319E5903500A4EE09 /* CoreLocation.framework */ = {isa = PBXFileReference; lastKnownFileType = wrapper.framework; name = CoreLocation.framework; path = System/Library/Frameworks/CoreLocation.framework; sourceTree = SDKROOT; };
		A1E3E10519E5903C00A4EE09 /* CoreBluetooth.framework */ = {isa = PBXFileReference; lastKnownFileType = wrapper.framework; name = CoreBluetooth.framework; path = System/Library/Frameworks/CoreBluetooth.framework; sourceTree = SDKROOT; };
		A1E3E10719E5904200A4EE09 /* AVFoundation.framework */ = {isa = PBXFileReference; lastKnownFileType = wrapper.framework; name = AVFoundation.framework; path = System/Library/Frameworks/AVFoundation.framework; sourceTree = SDKROOT; };
		A1E3E10919E5904800A4EE09 /* CoreMotion.framework */ = {isa = PBXFileReference; lastKnownFileType = wrapper.framework; name = CoreMotion.framework; path = System/Library/Frameworks/CoreMotion.framework; sourceTree = SDKROOT; };
		A51FC960BE63AD2555729F05 /* Pods-WonderPushDemo.debug.xcconfig */ = {isa = PBXFileReference; includeInIndex = 1; lastKnownFileType = text.xcconfig; name = "Pods-WonderPushDemo.debug.xcconfig"; path = "Pods/Target Support Files/Pods-WonderPushDemo/Pods-WonderPushDemo.debug.xcconfig"; sourceTree = "<group>"; };
		DA8090340908F8BF1AB9AB0E /* libPods-WonderPushDemo.a */ = {isa = PBXFileReference; explicitFileType = archive.ar; includeInIndex = 0; path = "libPods-WonderPushDemo.a"; sourceTree = BUILT_PRODUCTS_DIR; };
/* End PBXFileReference section */

/* Begin PBXFrameworksBuildPhase section */
		A1B8509719DC05FE00D1B6FB /* Frameworks */ = {
			isa = PBXFrameworksBuildPhase;
			buildActionMask = 2147483647;
			files = (
				CD8D6962CBA41616397AB62C /* libPods-WonderPushDemo.a in Frameworks */,
			);
			runOnlyForDeploymentPostprocessing = 0;
		};
/* End PBXFrameworksBuildPhase section */

/* Begin PBXGroup section */
		022D0BB3557BF4C049987B73 /* Pods */ = {
			isa = PBXGroup;
			children = (
				A51FC960BE63AD2555729F05 /* Pods-WonderPushDemo.debug.xcconfig */,
				83D44299CE17F8B4D7BE8740 /* Pods-WonderPushDemo.release.xcconfig */,
			);
			name = Pods;
			sourceTree = "<group>";
		};
		A1B8509119DC05FE00D1B6FB = {
			isa = PBXGroup;
			children = (
				A1E3E11019E5B26700A4EE09 /* Frameworks */,
				A1B8509C19DC05FE00D1B6FB /* WonderPushDemo */,
				A1B8509B19DC05FE00D1B6FB /* Products */,
				022D0BB3557BF4C049987B73 /* Pods */,
			);
			sourceTree = "<group>";
		};
		A1B8509B19DC05FE00D1B6FB /* Products */ = {
			isa = PBXGroup;
			children = (
				A1B8509A19DC05FE00D1B6FB /* WonderPushDemo.app */,
			);
			name = Products;
			sourceTree = "<group>";
		};
		A1B8509C19DC05FE00D1B6FB /* WonderPushDemo */ = {
			isa = PBXGroup;
			children = (
				3DBC92C21B5FC2BC00E07FB8 /* SettingsViewController.h */,
				3DBC92C31B5FC2BC00E07FB8 /* SettingsViewController.m */,
				A1B850A119DC05FE00D1B6FB /* AppDelegate.h */,
				A1B850A219DC05FE00D1B6FB /* AppDelegate.m */,
				A1B850A419DC05FE00D1B6FB /* ViewController.h */,
				A1B850A519DC05FE00D1B6FB /* ViewController.m */,
				A1B850A719DC05FE00D1B6FB /* Main.storyboard */,
				A1B850AA19DC05FF00D1B6FB /* Images.xcassets */,
				A1B850AC19DC05FF00D1B6FB /* LaunchScreen.xib */,
				A1B8509D19DC05FE00D1B6FB /* Supporting Files */,
			);
			path = WonderPushDemo;
			sourceTree = "<group>";
		};
		A1B8509D19DC05FE00D1B6FB /* Supporting Files */ = {
			isa = PBXGroup;
			children = (
				A1B8509E19DC05FE00D1B6FB /* Info.plist */,
				A1B8509F19DC05FE00D1B6FB /* main.m */,
				3D0A086E1D340001001289BD /* Localizable.strings */,
			);
			name = "Supporting Files";
			sourceTree = "<group>";
		};
		A1E3E11019E5B26700A4EE09 /* Frameworks */ = {
			isa = PBXGroup;
			children = (
				A1272C6B1A0BC017005A11C1 /* WonderPush.framework */,
				A1E3E10919E5904800A4EE09 /* CoreMotion.framework */,
				A1E3E10719E5904200A4EE09 /* AVFoundation.framework */,
				A1E3E10519E5903C00A4EE09 /* CoreBluetooth.framework */,
				A1E3E10319E5903500A4EE09 /* CoreLocation.framework */,
				A1E3E10119E5902700A4EE09 /* CoreTelephony.framework */,
				A1E3E0FF19E5901F00A4EE09 /* UIKit.framework */,
				A1E3E0FD19E5901900A4EE09 /* CoreGraphics.framework */,
				A1E3E0FB19E5901300A4EE09 /* MobileCoreServices.framework */,
				A1E3E0F919E5900B00A4EE09 /* SystemConfiguration.framework */,
				DA8090340908F8BF1AB9AB0E /* libPods-WonderPushDemo.a */,
			);
			name = Frameworks;
			sourceTree = "<group>";
		};
/* End PBXGroup section */

/* Begin PBXNativeTarget section */
		A1B8509919DC05FE00D1B6FB /* WonderPushDemo */ = {
			isa = PBXNativeTarget;
			buildConfigurationList = A1B850BD19DC05FF00D1B6FB /* Build configuration list for PBXNativeTarget "WonderPushDemo" */;
			buildPhases = (
				230881CD93C192A00032F2DE /* [CP] Check Pods Manifest.lock */,
				A1B8509619DC05FE00D1B6FB /* Sources */,
				A1B8509719DC05FE00D1B6FB /* Frameworks */,
				A1B8509819DC05FE00D1B6FB /* Resources */,
				62B0B5CEA78F1C41CF42B73C /* [CP] Embed Pods Frameworks */,
				DFF609A39D7B0346E01E127C /* [CP] Copy Pods Resources */,
			);
			buildRules = (
			);
			dependencies = (
			);
			name = WonderPushDemo;
			productName = WonderPushDemo;
			productReference = A1B8509A19DC05FE00D1B6FB /* WonderPushDemo.app */;
			productType = "com.apple.product-type.application";
		};
/* End PBXNativeTarget section */

/* Begin PBXProject section */
		A1B8509219DC05FE00D1B6FB /* Project object */ = {
			isa = PBXProject;
			attributes = {
				LastUpgradeCheck = 0720;
				ORGANIZATIONNAME = WonderPush;
				TargetAttributes = {
					A1B8509919DC05FE00D1B6FB = {
						CreatedOnToolsVersion = 6.0.1;
						DevelopmentTeam = N9ZG2P9A72;
						SystemCapabilities = {
							com.apple.BackgroundModes = {
								enabled = 1;
							};
							com.apple.Push = {
								enabled = 1;
							};
						};
					};
				};
			};
			buildConfigurationList = A1B8509519DC05FE00D1B6FB /* Build configuration list for PBXProject "WonderPushDemo" */;
			compatibilityVersion = "Xcode 3.2";
			developmentRegion = English;
			hasScannedForEncodings = 0;
			knownRegions = (
				en,
				Base,
				de,
				fr,
			);
			mainGroup = A1B8509119DC05FE00D1B6FB;
			productRefGroup = A1B8509B19DC05FE00D1B6FB /* Products */;
			projectDirPath = "";
			projectRoot = "";
			targets = (
				A1B8509919DC05FE00D1B6FB /* WonderPushDemo */,
			);
		};
/* End PBXProject section */

/* Begin PBXResourcesBuildPhase section */
		A1B8509819DC05FE00D1B6FB /* Resources */ = {
			isa = PBXResourcesBuildPhase;
			buildActionMask = 2147483647;
			files = (
				A1B850A919DC05FE00D1B6FB /* Main.storyboard in Resources */,
				3D0A086C1D340001001289BD /* Localizable.strings in Resources */,
				A1B850AE19DC05FF00D1B6FB /* LaunchScreen.xib in Resources */,
				A1B850AB19DC05FF00D1B6FB /* Images.xcassets in Resources */,
			);
			runOnlyForDeploymentPostprocessing = 0;
		};
/* End PBXResourcesBuildPhase section */

/* Begin PBXShellScriptBuildPhase section */
		230881CD93C192A00032F2DE /* [CP] Check Pods Manifest.lock */ = {
			isa = PBXShellScriptBuildPhase;
			buildActionMask = 2147483647;
			files = (
			);
			inputPaths = (
			);
			name = "[CP] Check Pods Manifest.lock";
			outputPaths = (
			);
			runOnlyForDeploymentPostprocessing = 0;
			shellPath = /bin/sh;
			shellScript = "diff \"${PODS_ROOT}/../Podfile.lock\" \"${PODS_ROOT}/Manifest.lock\" > /dev/null\nif [[ $? != 0 ]] ; then\n    cat << EOM\nerror: The sandbox is not in sync with the Podfile.lock. Run 'pod install' or update your CocoaPods installation.\nEOM\n    exit 1\nfi\n";
			showEnvVarsInLog = 0;
		};
		62B0B5CEA78F1C41CF42B73C /* [CP] Embed Pods Frameworks */ = {
			isa = PBXShellScriptBuildPhase;
			buildActionMask = 2147483647;
			files = (
			);
			inputPaths = (
			);
			name = "[CP] Embed Pods Frameworks";
			outputPaths = (
			);
			runOnlyForDeploymentPostprocessing = 0;
			shellPath = /bin/sh;
			shellScript = "\"${SRCROOT}/Pods/Target Support Files/Pods-WonderPushDemo/Pods-WonderPushDemo-frameworks.sh\"\n";
			showEnvVarsInLog = 0;
		};
		DFF609A39D7B0346E01E127C /* [CP] Copy Pods Resources */ = {
			isa = PBXShellScriptBuildPhase;
			buildActionMask = 2147483647;
			files = (
			);
			inputPaths = (
			);
			name = "[CP] Copy Pods Resources";
			outputPaths = (
			);
			runOnlyForDeploymentPostprocessing = 0;
			shellPath = /bin/sh;
			shellScript = "\"${SRCROOT}/Pods/Target Support Files/Pods-WonderPushDemo/Pods-WonderPushDemo-resources.sh\"\n";
			showEnvVarsInLog = 0;
		};
/* End PBXShellScriptBuildPhase section */

/* Begin PBXSourcesBuildPhase section */
		A1B8509619DC05FE00D1B6FB /* Sources */ = {
			isa = PBXSourcesBuildPhase;
			buildActionMask = 2147483647;
			files = (
				A1B850A619DC05FE00D1B6FB /* ViewController.m in Sources */,
				A1B850A319DC05FE00D1B6FB /* AppDelegate.m in Sources */,
				A1B850A019DC05FE00D1B6FB /* main.m in Sources */,
				3DBC92C41B5FC2BC00E07FB8 /* SettingsViewController.m in Sources */,
			);
			runOnlyForDeploymentPostprocessing = 0;
		};
/* End PBXSourcesBuildPhase section */

/* Begin PBXVariantGroup section */
		3D0A086E1D340001001289BD /* Localizable.strings */ = {
			isa = PBXVariantGroup;
			children = (
				3D0A086D1D340001001289BD /* Base */,
				3D0A086F1D340003001289BD /* fr */,
				3D0A08701D340004001289BD /* de */,
			);
			name = Localizable.strings;
			sourceTree = "<group>";
		};
		A1B850A719DC05FE00D1B6FB /* Main.storyboard */ = {
			isa = PBXVariantGroup;
			children = (
				A1B850A819DC05FE00D1B6FB /* Base */,
				3D7879D51D32BC05007C1675 /* fr */,
				3D0A08691D33FB5E001289BD /* de */,
			);
			name = Main.storyboard;
			sourceTree = "<group>";
		};
		A1B850AC19DC05FF00D1B6FB /* LaunchScreen.xib */ = {
			isa = PBXVariantGroup;
			children = (
				A1B850AD19DC05FF00D1B6FB /* Base */,
			);
			name = LaunchScreen.xib;
			sourceTree = "<group>";
		};
/* End PBXVariantGroup section */

/* Begin XCBuildConfiguration section */
		A1B850BB19DC05FF00D1B6FB /* Debug */ = {
			isa = XCBuildConfiguration;
			buildSettings = {
				ALWAYS_SEARCH_USER_PATHS = NO;
				CLANG_CXX_LANGUAGE_STANDARD = "gnu++0x";
				CLANG_CXX_LIBRARY = "libc++";
				CLANG_ENABLE_MODULES = YES;
				CLANG_ENABLE_OBJC_ARC = YES;
				CLANG_WARN_BOOL_CONVERSION = YES;
				CLANG_WARN_CONSTANT_CONVERSION = YES;
				CLANG_WARN_DIRECT_OBJC_ISA_USAGE = YES_ERROR;
				CLANG_WARN_EMPTY_BODY = YES;
				CLANG_WARN_ENUM_CONVERSION = YES;
				CLANG_WARN_INT_CONVERSION = YES;
				CLANG_WARN_OBJC_ROOT_CLASS = YES_ERROR;
				CLANG_WARN_UNREACHABLE_CODE = YES;
				CLANG_WARN__DUPLICATE_METHOD_MATCH = YES;
				"CODE_SIGN_IDENTITY[sdk=iphoneos*]" = "iPhone Developer";
				COPY_PHASE_STRIP = NO;
				ENABLE_STRICT_OBJC_MSGSEND = YES;
				ENABLE_TESTABILITY = YES;
				GCC_C_LANGUAGE_STANDARD = gnu99;
				GCC_DYNAMIC_NO_PIC = NO;
				GCC_OPTIMIZATION_LEVEL = 0;
				GCC_PREPROCESSOR_DEFINITIONS = (
					"DEBUG=1",
					"$(inherited)",
				);
				GCC_SYMBOLS_PRIVATE_EXTERN = NO;
				GCC_WARN_64_TO_32_BIT_CONVERSION = YES;
				GCC_WARN_ABOUT_RETURN_TYPE = YES_ERROR;
				GCC_WARN_UNDECLARED_SELECTOR = YES;
				GCC_WARN_UNINITIALIZED_AUTOS = YES_AGGRESSIVE;
				GCC_WARN_UNUSED_FUNCTION = YES;
				GCC_WARN_UNUSED_VARIABLE = YES;
				IPHONEOS_DEPLOYMENT_TARGET = 7.0;
				MTL_ENABLE_DEBUG_INFO = YES;
				ONLY_ACTIVE_ARCH = YES;
				SDKROOT = iphoneos;
				TARGETED_DEVICE_FAMILY = "1,2";
			};
			name = Debug;
		};
		A1B850BC19DC05FF00D1B6FB /* Release */ = {
			isa = XCBuildConfiguration;
			buildSettings = {
				ALWAYS_SEARCH_USER_PATHS = NO;
				CLANG_CXX_LANGUAGE_STANDARD = "gnu++0x";
				CLANG_CXX_LIBRARY = "libc++";
				CLANG_ENABLE_MODULES = YES;
				CLANG_ENABLE_OBJC_ARC = YES;
				CLANG_WARN_BOOL_CONVERSION = YES;
				CLANG_WARN_CONSTANT_CONVERSION = YES;
				CLANG_WARN_DIRECT_OBJC_ISA_USAGE = YES_ERROR;
				CLANG_WARN_EMPTY_BODY = YES;
				CLANG_WARN_ENUM_CONVERSION = YES;
				CLANG_WARN_INT_CONVERSION = YES;
				CLANG_WARN_OBJC_ROOT_CLASS = YES_ERROR;
				CLANG_WARN_UNREACHABLE_CODE = YES;
				CLANG_WARN__DUPLICATE_METHOD_MATCH = YES;
				"CODE_SIGN_IDENTITY[sdk=iphoneos*]" = "iPhone Developer";
				COPY_PHASE_STRIP = YES;
				ENABLE_NS_ASSERTIONS = NO;
				ENABLE_STRICT_OBJC_MSGSEND = YES;
				GCC_C_LANGUAGE_STANDARD = gnu99;
				GCC_WARN_64_TO_32_BIT_CONVERSION = YES;
				GCC_WARN_ABOUT_RETURN_TYPE = YES_ERROR;
				GCC_WARN_UNDECLARED_SELECTOR = YES;
				GCC_WARN_UNINITIALIZED_AUTOS = YES_AGGRESSIVE;
				GCC_WARN_UNUSED_FUNCTION = YES;
				GCC_WARN_UNUSED_VARIABLE = YES;
				IPHONEOS_DEPLOYMENT_TARGET = 7.0;
				MTL_ENABLE_DEBUG_INFO = NO;
				SDKROOT = iphoneos;
				TARGETED_DEVICE_FAMILY = "1,2";
				VALIDATE_PRODUCT = YES;
			};
			name = Release;
		};
		A1B850BE19DC05FF00D1B6FB /* Debug */ = {
			isa = XCBuildConfiguration;
			baseConfigurationReference = A51FC960BE63AD2555729F05 /* Pods-WonderPushDemo.debug.xcconfig */;
			buildSettings = {
				ASSETCATALOG_COMPILER_APPICON_NAME = AppIcon;
				ASSETCATALOG_COMPILER_LAUNCHIMAGE_NAME = LaunchImage;
				CODE_SIGN_IDENTITY = "iPhone Developer";
				FRAMEWORK_SEARCH_PATHS = (
					"$(inherited)",
					"$(PROJECT_DIR)",
				);
				INFOPLIST_FILE = WonderPushDemo/Info.plist;
				IPHONEOS_DEPLOYMENT_TARGET = 7.0;
				PRODUCT_BUNDLE_IDENTIFIER = com.wonderpush.demo;
				PRODUCT_NAME = WonderPushDemo;
				TARGETED_DEVICE_FAMILY = "1,2";
			};
			name = Debug;
		};
		A1B850BF19DC05FF00D1B6FB /* Release */ = {
			isa = XCBuildConfiguration;
			baseConfigurationReference = 83D44299CE17F8B4D7BE8740 /* Pods-WonderPushDemo.release.xcconfig */;
			buildSettings = {
				ASSETCATALOG_COMPILER_APPICON_NAME = AppIcon;
				ASSETCATALOG_COMPILER_LAUNCHIMAGE_NAME = LaunchImage;
				CODE_SIGN_IDENTITY = "iPhone Developer";
				FRAMEWORK_SEARCH_PATHS = (
					"$(inherited)",
					"$(PROJECT_DIR)",
				);
				INFOPLIST_FILE = WonderPushDemo/Info.plist;
				IPHONEOS_DEPLOYMENT_TARGET = 7.0;
				PRODUCT_BUNDLE_IDENTIFIER = com.wonderpush.demo;
				PRODUCT_NAME = WonderPushDemo;
				TARGETED_DEVICE_FAMILY = "1,2";
			};
			name = Release;
		};
/* End XCBuildConfiguration section */

/* Begin XCConfigurationList section */
		A1B8509519DC05FE00D1B6FB /* Build configuration list for PBXProject "WonderPushDemo" */ = {
			isa = XCConfigurationList;
			buildConfigurations = (
				A1B850BB19DC05FF00D1B6FB /* Debug */,
				A1B850BC19DC05FF00D1B6FB /* Release */,
			);
			defaultConfigurationIsVisible = 0;
			defaultConfigurationName = Release;
		};
		A1B850BD19DC05FF00D1B6FB /* Build configuration list for PBXNativeTarget "WonderPushDemo" */ = {
			isa = XCConfigurationList;
			buildConfigurations = (
				A1B850BE19DC05FF00D1B6FB /* Debug */,
				A1B850BF19DC05FF00D1B6FB /* Release */,
			);
			defaultConfigurationIsVisible = 0;
			defaultConfigurationName = Release;
		};
/* End XCConfigurationList section */
	};
	rootObject = A1B8509219DC05FE00D1B6FB /* Project object */;
}
